// !$*UTF8*$!
{
	archiveVersion = 1;
	classes = {
	};
	objectVersion = 77;
	objects = {

/* Begin PBXBuildFile section */
		0926B29CD3B04F0ADC5C1917 /* HolidaysView.swift in Sources */ = {isa = PBXBuildFile; fileRef = 47C009681491C3AD0135BD40 /* HolidaysView.swift */; };
		0CD70399027231C5C22C1F8B /* AppController.swift in Sources */ = {isa = PBXBuildFile; fileRef = 325923F5BC6274FE78DF17D6 /* AppController.swift */; };
		12C933AC72C00E00DBF80611 /* SystemSnapshot.swift in Sources */ = {isa = PBXBuildFile; fileRef = 5386AC332300D8F528C6D6DE /* SystemSnapshot.swift */; };
		165BEAB8CB4D66C0E7329DAB /* WorkSchedule.swift in Sources */ = {isa = PBXBuildFile; fileRef = 17A9992FC46A4ACB2F3ACB51 /* WorkSchedule.swift */; };
		1AE3E5837AC38594886D448D /* BusinessCalendar.swift in Sources */ = {isa = PBXBuildFile; fileRef = DFEFA454023EDCFF7521656A /* BusinessCalendar.swift */; };
		257CFAB6362C2B355309713C /* BusinessCalendar.swift in Sources */ = {isa = PBXBuildFile; fileRef = DFEFA454023EDCFF7521656A /* BusinessCalendar.swift */; };
		28C1895B8A4738F32F14CEAA /* WorkSchedule.swift in Sources */ = {isa = PBXBuildFile; fileRef = 17A9992FC46A4ACB2F3ACB51 /* WorkSchedule.swift */; };
		3049890A0C291E9810B7AF91 /* Assets.xcassets in Resources */ = {isa = PBXBuildFile; fileRef = 3F4BB717C29F7FEF4045FCCE /* Assets.xcassets */; };
		3B07A70C6CC8ED9537DAC3E6 /* RootView.swift in Sources */ = {isa = PBXBuildFile; fileRef = 50F1E0D8F4E896A5A9EB89CA /* RootView.swift */; };
		3B4FCFEFB9A3355D8671FA73 /* JiggleEngine.swift in Sources */ = {isa = PBXBuildFile; fileRef = 706B48141F54B61F82F64725 /* JiggleEngine.swift */; };
		40F55574CD3D3912F761B249 /* VigilantApp.swift in Sources */ = {isa = PBXBuildFile; fileRef = 9DEE9FE142E0826B4797733E /* VigilantApp.swift */; };
		43403D7F19FC75BDA119BB8F /* MetricCards.swift in Sources */ = {isa = PBXBuildFile; fileRef = 57BEA0494B740D223CC9C67F /* MetricCards.swift */; };
		43FED73D4111FD1EA2349964 /* Assets.xcassets in Resources */ = {isa = PBXBuildFile; fileRef = F5EDED7892CF103E277760D6 /* Assets.xcassets */; };
		47342AE381C07E12FEE10E97 /* SystemMetrics.swift in Sources */ = {isa = PBXBuildFile; fileRef = 703B2DA4CFB621D69989A886 /* SystemMetrics.swift */; };
		5F2B1DF4A7CDDD2B465CDE92 /* VigilantState.swift in Sources */ = {isa = PBXBuildFile; fileRef = 2DDC556C39AD42F5FEBC8CB2 /* VigilantState.swift */; };
		73528FE47A27F9CC78C33DB0 /* RemoteModel.swift in Sources */ = {isa = PBXBuildFile; fileRef = C774B16230C7534D21B2434A /* RemoteModel.swift */; };
		80FF4D2630229AEC5F37452C /* ScheduleView.swift in Sources */ = {isa = PBXBuildFile; fileRef = ADA88B68C454CEBDED81D648 /* ScheduleView.swift */; };
		915067771A10205ECA48C871 /* MetricCards.swift in Sources */ = {isa = PBXBuildFile; fileRef = 57BEA0494B740D223CC9C67F /* MetricCards.swift */; };
		A25623DB04AA3BB7F8347E21 /* MenuBarView.swift in Sources */ = {isa = PBXBuildFile; fileRef = D33530CC7C8090CAED639718 /* MenuBarView.swift */; };
		A770BBAAD067BE8F03E24F72 /* CloudKitStore.swift in Sources */ = {isa = PBXBuildFile; fileRef = 0ABE1102CD93ABA4D0600BC2 /* CloudKitStore.swift */; };
		BC3A629A25908B9ABE368033 /* OverviewView.swift in Sources */ = {isa = PBXBuildFile; fileRef = EC2486F458F1AF95F02D5D44 /* OverviewView.swift */; };
		C0A8FCA1F34571E63DCA99D5 /* CloudKitStore.swift in Sources */ = {isa = PBXBuildFile; fileRef = 0ABE1102CD93ABA4D0600BC2 /* CloudKitStore.swift */; };
		C8897756C77949690AFD46C1 /* VigilantRemoteApp.swift in Sources */ = {isa = PBXBuildFile; fileRef = 7FA54196D87850A1EA39E4A5 /* VigilantRemoteApp.swift */; };
		D1B94308108314D75F9068C9 /* VigilantSettings.swift in Sources */ = {isa = PBXBuildFile; fileRef = 669FF63A9F28A84B8DEA97A2 /* VigilantSettings.swift */; };
		D3E67EAB6938D8CB5B612C5E /* MonitorView.swift in Sources */ = {isa = PBXBuildFile; fileRef = 65FDDD9D1A9F731D0F155F25 /* MonitorView.swift */; };
		DE3A95688F3EC9F97F0259E6 /* VigilantState.swift in Sources */ = {isa = PBXBuildFile; fileRef = 2DDC556C39AD42F5FEBC8CB2 /* VigilantState.swift */; };
		E0D1A852A1B53C99E8E34591 /* SystemSnapshot.swift in Sources */ = {isa = PBXBuildFile; fileRef = 5386AC332300D8F528C6D6DE /* SystemSnapshot.swift */; };
		F08CFF931F6AAFAEE60E4600 /* ContentView.swift in Sources */ = {isa = PBXBuildFile; fileRef = 90244D922D89E7D8DE1C44E7 /* ContentView.swift */; };
/* End PBXBuildFile section */

/* Begin PBXFileReference section */
		0ABE1102CD93ABA4D0600BC2 /* CloudKitStore.swift */ = {isa = PBXFileReference; lastKnownFileType = sourcecode.swift; path = CloudKitStore.swift; sourceTree = "<group>"; };
		17A9992FC46A4ACB2F3ACB51 /* WorkSchedule.swift */ = {isa = PBXFileReference; lastKnownFileType = sourcecode.swift; path = WorkSchedule.swift; sourceTree = "<group>"; };
		2DDC556C39AD42F5FEBC8CB2 /* VigilantState.swift */ = {isa = PBXFileReference; lastKnownFileType = sourcecode.swift; path = VigilantState.swift; sourceTree = "<group>"; };
		3115F9510C359A6608EB611D /* Vigilant.entitlements */ = {isa = PBXFileReference; lastKnownFileType = text.plist.entitlements; path = Vigilant.entitlements; sourceTree = "<group>"; };
		325923F5BC6274FE78DF17D6 /* AppController.swift */ = {isa = PBXFileReference; lastKnownFileType = sourcecode.swift; path = AppController.swift; sourceTree = "<group>"; };
		3F4BB717C29F7FEF4045FCCE /* Assets.xcassets */ = {isa = PBXFileReference; lastKnownFileType = folder.assetcatalog; path = Assets.xcassets; sourceTree = "<group>"; };
		476C5AAF4FE7F8A9B3858D76 /* VigilantRemote.entitlements */ = {isa = PBXFileReference; lastKnownFileType = text.plist.entitlements; path = VigilantRemote.entitlements; sourceTree = "<group>"; };
		47C009681491C3AD0135BD40 /* HolidaysView.swift */ = {isa = PBXFileReference; lastKnownFileType = sourcecode.swift; path = HolidaysView.swift; sourceTree = "<group>"; };
		50F1E0D8F4E896A5A9EB89CA /* RootView.swift */ = {isa = PBXFileReference; lastKnownFileType = sourcecode.swift; path = RootView.swift; sourceTree = "<group>"; };
		5386AC332300D8F528C6D6DE /* SystemSnapshot.swift */ = {isa = PBXFileReference; lastKnownFileType = sourcecode.swift; path = SystemSnapshot.swift; sourceTree = "<group>"; };
		57BEA0494B740D223CC9C67F /* MetricCards.swift */ = {isa = PBXFileReference; lastKnownFileType = sourcecode.swift; path = MetricCards.swift; sourceTree = "<group>"; };
		65FDDD9D1A9F731D0F155F25 /* MonitorView.swift */ = {isa = PBXFileReference; lastKnownFileType = sourcecode.swift; path = MonitorView.swift; sourceTree = "<group>"; };
		669FF63A9F28A84B8DEA97A2 /* VigilantSettings.swift */ = {isa = PBXFileReference; lastKnownFileType = sourcecode.swift; path = VigilantSettings.swift; sourceTree = "<group>"; };
		703B2DA4CFB621D69989A886 /* SystemMetrics.swift */ = {isa = PBXFileReference; lastKnownFileType = sourcecode.swift; path = SystemMetrics.swift; sourceTree = "<group>"; };
		706B48141F54B61F82F64725 /* JiggleEngine.swift */ = {isa = PBXFileReference; lastKnownFileType = sourcecode.swift; path = JiggleEngine.swift; sourceTree = "<group>"; };
		73032A5DB90A74CF15348A98 /* VigilantRemote.app */ = {isa = PBXFileReference; includeInIndex = 0; lastKnownFileType = wrapper.application; path = VigilantRemote.app; sourceTree = BUILT_PRODUCTS_DIR; };
		7FA54196D87850A1EA39E4A5 /* VigilantRemoteApp.swift */ = {isa = PBXFileReference; lastKnownFileType = sourcecode.swift; path = VigilantRemoteApp.swift; sourceTree = "<group>"; };
		88A7406F937B3390E0B3CB3E /* Info.plist */ = {isa = PBXFileReference; lastKnownFileType = text.plist; path = Info.plist; sourceTree = "<group>"; };
		90244D922D89E7D8DE1C44E7 /* ContentView.swift */ = {isa = PBXFileReference; lastKnownFileType = sourcecode.swift; path = ContentView.swift; sourceTree = "<group>"; };
		9DEE9FE142E0826B4797733E /* VigilantApp.swift */ = {isa = PBXFileReference; lastKnownFileType = sourcecode.swift; path = VigilantApp.swift; sourceTree = "<group>"; };
		ADA88B68C454CEBDED81D648 /* ScheduleView.swift */ = {isa = PBXFileReference; lastKnownFileType = sourcecode.swift; path = ScheduleView.swift; sourceTree = "<group>"; };
		C774B16230C7534D21B2434A /* RemoteModel.swift */ = {isa = PBXFileReference; lastKnownFileType = sourcecode.swift; path = RemoteModel.swift; sourceTree = "<group>"; };
		CFA7E85C707563471EE6761E /* Info.plist */ = {isa = PBXFileReference; lastKnownFileType = text.plist; path = Info.plist; sourceTree = "<group>"; };
		D33530CC7C8090CAED639718 /* MenuBarView.swift */ = {isa = PBXFileReference; lastKnownFileType = sourcecode.swift; path = MenuBarView.swift; sourceTree = "<group>"; };
		DFEFA454023EDCFF7521656A /* BusinessCalendar.swift */ = {isa = PBXFileReference; lastKnownFileType = sourcecode.swift; path = BusinessCalendar.swift; sourceTree = "<group>"; };
		E8EC0A972DF62F64DAB3507C /* Vigilant.app */ = {isa = PBXFileReference; explicitFileType = wrapper.application; includeInIndex = 0; path = Vigilant.app; sourceTree = BUILT_PRODUCTS_DIR; };
		EC2486F458F1AF95F02D5D44 /* OverviewView.swift */ = {isa = PBXFileReference; lastKnownFileType = sourcecode.swift; path = OverviewView.swift; sourceTree = "<group>"; };
		F5EDED7892CF103E277760D6 /* Assets.xcassets */ = {isa = PBXFileReference; lastKnownFileType = folder.assetcatalog; path = Assets.xcassets; sourceTree = "<group>"; };
/* End PBXFileReference section */

/* Begin PBXGroup section */
		32855148A8A8FE510BA470CE /* Shared */ = {
			isa = PBXGroup;
			children = (
				DFEFA454023EDCFF7521656A /* BusinessCalendar.swift */,
				0ABE1102CD93ABA4D0600BC2 /* CloudKitStore.swift */,
				57BEA0494B740D223CC9C67F /* MetricCards.swift */,
				5386AC332300D8F528C6D6DE /* SystemSnapshot.swift */,
				2DDC556C39AD42F5FEBC8CB2 /* VigilantState.swift */,
				17A9992FC46A4ACB2F3ACB51 /* WorkSchedule.swift */,
			);
			path = Shared;
			sourceTree = "<group>";
		};
		8BA2FF8F9976E261D12E117E /* VigilantMac */ = {
			isa = PBXGroup;
			children = (
				325923F5BC6274FE78DF17D6 /* AppController.swift */,
				F5EDED7892CF103E277760D6 /* Assets.xcassets */,
				47C009681491C3AD0135BD40 /* HolidaysView.swift */,
				88A7406F937B3390E0B3CB3E /* Info.plist */,
				706B48141F54B61F82F64725 /* JiggleEngine.swift */,
				D33530CC7C8090CAED639718 /* MenuBarView.swift */,
				65FDDD9D1A9F731D0F155F25 /* MonitorView.swift */,
				EC2486F458F1AF95F02D5D44 /* OverviewView.swift */,
				50F1E0D8F4E896A5A9EB89CA /* RootView.swift */,
				ADA88B68C454CEBDED81D648 /* ScheduleView.swift */,
				703B2DA4CFB621D69989A886 /* SystemMetrics.swift */,
				3115F9510C359A6608EB611D /* Vigilant.entitlements */,
				9DEE9FE142E0826B4797733E /* VigilantApp.swift */,
				669FF63A9F28A84B8DEA97A2 /* VigilantSettings.swift */,
			);
			path = VigilantMac;
			sourceTree = "<group>";
		};
		CD3FBCAD725033A238C91F2C = {
			isa = PBXGroup;
			children = (
				32855148A8A8FE510BA470CE /* Shared */,
				8BA2FF8F9976E261D12E117E /* VigilantMac */,
				FBF9834CA4F618E98EECDFB8 /* VigilantRemote */,
				FCD0589DDA30412BE79401D6 /* Products */,
			);
			sourceTree = "<group>";
		};
		FBF9834CA4F618E98EECDFB8 /* VigilantRemote */ = {
			isa = PBXGroup;
			children = (
				3F4BB717C29F7FEF4045FCCE /* Assets.xcassets */,
				90244D922D89E7D8DE1C44E7 /* ContentView.swift */,
				CFA7E85C707563471EE6761E /* Info.plist */,
				C774B16230C7534D21B2434A /* RemoteModel.swift */,
				476C5AAF4FE7F8A9B3858D76 /* VigilantRemote.entitlements */,
				7FA54196D87850A1EA39E4A5 /* VigilantRemoteApp.swift */,
			);
			path = VigilantRemote;
			sourceTree = "<group>";
		};
		FCD0589DDA30412BE79401D6 /* Products */ = {
			isa = PBXGroup;
			children = (
				E8EC0A972DF62F64DAB3507C /* Vigilant.app */,
				73032A5DB90A74CF15348A98 /* VigilantRemote.app */,
			);
			name = Products;
			sourceTree = "<group>";
		};
/* End PBXGroup section */

/* Begin PBXNativeTarget section */
		0A4245A87F6BE490AFFE88E1 /* Vigilant */ = {
			isa = PBXNativeTarget;
			buildConfigurationList = ACA72A219029CF0328BC91FB /* Build configuration list for PBXNativeTarget "Vigilant" */;
			buildPhases = (
				4D7B456D35197082771D9E4C /* Sources */,
				5F5C4CD7EC02FA78D84C62F2 /* Resources */,
			);
			buildRules = (
			);
			dependencies = (
			);
			name = Vigilant;
			packageProductDependencies = (
			);
			productName = Vigilant;
			productReference = E8EC0A972DF62F64DAB3507C /* Vigilant.app */;
			productType = "com.apple.product-type.application";
		};
		D03F37D99AF5D5FB70DEF4FE /* VigilantRemote */ = {
			isa = PBXNativeTarget;
			buildConfigurationList = 73EA2A4281665CC0BBA0009B /* Build configuration list for PBXNativeTarget "VigilantRemote" */;
			buildPhases = (
				23C2FC0967AA63C8FB64328A /* Sources */,
				9DB526708D1983C58363C901 /* Resources */,
			);
			buildRules = (
			);
			dependencies = (
			);
			name = VigilantRemote;
			packageProductDependencies = (
			);
			productName = VigilantRemote;
			productReference = 73032A5DB90A74CF15348A98 /* VigilantRemote.app */;
			productType = "com.apple.product-type.application";
		};
/* End PBXNativeTarget section */

/* Begin PBXProject section */
		47A3CDB6F06D36EE0482BF7B /* Project object */ = {
			isa = PBXProject;
			attributes = {
				BuildIndependentTargetsInParallel = YES;
				LastUpgradeCheck = 1430;
				TargetAttributes = {
					0A4245A87F6BE490AFFE88E1 = {
						DevelopmentTeam = 7AYMD222NU;
						ProvisioningStyle = Automatic;
					};
					D03F37D99AF5D5FB70DEF4FE = {
						DevelopmentTeam = 7AYMD222NU;
						ProvisioningStyle = Automatic;
					};
				};
			};
			buildConfigurationList = 02CA886B3AD7F12B0EFEE3F6 /* Build configuration list for PBXProject "Vigilant" */;
			developmentRegion = en;
			hasScannedForEncodings = 0;
			knownRegions = (
				Base,
				en,
			);
			mainGroup = CD3FBCAD725033A238C91F2C;
			minimizedProjectReferenceProxies = 1;
			preferredProjectObjectVersion = 77;
			productRefGroup = FCD0589DDA30412BE79401D6 /* Products */;
			projectDirPath = "";
			projectRoot = "";
			targets = (
				0A4245A87F6BE490AFFE88E1 /* Vigilant */,
				D03F37D99AF5D5FB70DEF4FE /* VigilantRemote */,
			);
		};
/* End PBXProject section */

/* Begin PBXResourcesBuildPhase section */
		5F5C4CD7EC02FA78D84C62F2 /* Resources */ = {
			isa = PBXResourcesBuildPhase;
			buildActionMask = 2147483647;
			files = (
				43FED73D4111FD1EA2349964 /* Assets.xcassets in Resources */,
			);
			runOnlyForDeploymentPostprocessing = 0;
		};
		9DB526708D1983C58363C901 /* Resources */ = {
			isa = PBXResourcesBuildPhase;
			buildActionMask = 2147483647;
			files = (
				3049890A0C291E9810B7AF91 /* Assets.xcassets in Resources */,
			);
			runOnlyForDeploymentPostprocessing = 0;
		};
/* End PBXResourcesBuildPhase section */

/* Begin PBXSourcesBuildPhase section */
		23C2FC0967AA63C8FB64328A /* Sources */ = {
			isa = PBXSourcesBuildPhase;
			buildActionMask = 2147483647;
			files = (
				257CFAB6362C2B355309713C /* BusinessCalendar.swift in Sources */,
				C0A8FCA1F34571E63DCA99D5 /* CloudKitStore.swift in Sources */,
				F08CFF931F6AAFAEE60E4600 /* ContentView.swift in Sources */,
				915067771A10205ECA48C871 /* MetricCards.swift in Sources */,
				73528FE47A27F9CC78C33DB0 /* RemoteModel.swift in Sources */,
				E0D1A852A1B53C99E8E34591 /* SystemSnapshot.swift in Sources */,
				C8897756C77949690AFD46C1 /* VigilantRemoteApp.swift in Sources */,
				DE3A95688F3EC9F97F0259E6 /* VigilantState.swift in Sources */,
				28C1895B8A4738F32F14CEAA /* WorkSchedule.swift in Sources */,
			);
			runOnlyForDeploymentPostprocessing = 0;
		};
		4D7B456D35197082771D9E4C /* Sources */ = {
			isa = PBXSourcesBuildPhase;
			buildActionMask = 2147483647;
			files = (
				0CD70399027231C5C22C1F8B /* AppController.swift in Sources */,
				1AE3E5837AC38594886D448D /* BusinessCalendar.swift in Sources */,
				A770BBAAD067BE8F03E24F72 /* CloudKitStore.swift in Sources */,
				0926B29CD3B04F0ADC5C1917 /* HolidaysView.swift in Sources */,
				3B4FCFEFB9A3355D8671FA73 /* JiggleEngine.swift in Sources */,
				A25623DB04AA3BB7F8347E21 /* MenuBarView.swift in Sources */,
				43403D7F19FC75BDA119BB8F /* MetricCards.swift in Sources */,
				D3E67EAB6938D8CB5B612C5E /* MonitorView.swift in Sources */,
				BC3A629A25908B9ABE368033 /* OverviewView.swift in Sources */,
				3B07A70C6CC8ED9537DAC3E6 /* RootView.swift in Sources */,
				80FF4D2630229AEC5F37452C /* ScheduleView.swift in Sources */,
				47342AE381C07E12FEE10E97 /* SystemMetrics.swift in Sources */,
				12C933AC72C00E00DBF80611 /* SystemSnapshot.swift in Sources */,
				40F55574CD3D3912F761B249 /* VigilantApp.swift in Sources */,
				D1B94308108314D75F9068C9 /* VigilantSettings.swift in Sources */,
				5F2B1DF4A7CDDD2B465CDE92 /* VigilantState.swift in Sources */,
				165BEAB8CB4D66C0E7329DAB /* WorkSchedule.swift in Sources */,
			);
			runOnlyForDeploymentPostprocessing = 0;
		};
/* End PBXSourcesBuildPhase section */

/* Begin XCBuildConfiguration section */
		2AF337CBD7BD536A4A867D51 /* Debug */ = {
			isa = XCBuildConfiguration;
			buildSettings = {
				ALWAYS_SEARCH_USER_PATHS = NO;
				CLANG_ANALYZER_NONNULL = YES;
				CLANG_ANALYZER_NUMBER_OBJECT_CONVERSION = YES_AGGRESSIVE;
				CLANG_CXX_LANGUAGE_STANDARD = "gnu++14";
				CLANG_CXX_LIBRARY = "libc++";
				CLANG_ENABLE_MODULES = YES;
				CLANG_ENABLE_OBJC_ARC = YES;
				CLANG_ENABLE_OBJC_WEAK = YES;
				CLANG_WARN_BLOCK_CAPTURE_AUTORELEASING = YES;
				CLANG_WARN_BOOL_CONVERSION = YES;
				CLANG_WARN_COMMA = YES;
				CLANG_WARN_CONSTANT_CONVERSION = YES;
				CLANG_WARN_DEPRECATED_OBJC_IMPLEMENTATIONS = YES;
				CLANG_WARN_DIRECT_OBJC_ISA_USAGE = YES_ERROR;
				CLANG_WARN_DOCUMENTATION_COMMENTS = YES;
				CLANG_WARN_EMPTY_BODY = YES;
				CLANG_WARN_ENUM_CONVERSION = YES;
				CLANG_WARN_INFINITE_RECURSION = YES;
				CLANG_WARN_INT_CONVERSION = YES;
				CLANG_WARN_NON_LITERAL_NULL_CONVERSION = YES;
				CLANG_WARN_OBJC_IMPLICIT_RETAIN_SELF = YES;
				CLANG_WARN_OBJC_LITERAL_CONVERSION = YES;
				CLANG_WARN_OBJC_ROOT_CLASS = YES_ERROR;
				CLANG_WARN_QUOTED_INCLUDE_IN_FRAMEWORK_HEADER = YES;
				CLANG_WARN_RANGE_LOOP_ANALYSIS = YES;
				CLANG_WARN_STRICT_PROTOTYPES = YES;
				CLANG_WARN_SUSPICIOUS_MOVE = YES;
				CLANG_WARN_UNGUARDED_AVAILABILITY = YES_AGGRESSIVE;
				CLANG_WARN_UNREACHABLE_CODE = YES;
				CLANG_WARN__DUPLICATE_METHOD_MATCH = YES;
				CODE_SIGN_STYLE = Automatic;
				COPY_PHASE_STRIP = NO;
				CURRENT_PROJECT_VERSION = 1;
				DEBUG_INFORMATION_FORMAT = dwarf;
				DEVELOPMENT_TEAM = 7AYMD222NU;
				ENABLE_STRICT_OBJC_MSGSEND = YES;
				ENABLE_TESTABILITY = YES;
				GCC_C_LANGUAGE_STANDARD = gnu11;
				GCC_DYNAMIC_NO_PIC = NO;
				GCC_NO_COMMON_BLOCKS = YES;
				GCC_OPTIMIZATION_LEVEL = 0;
				GCC_PREPROCESSOR_DEFINITIONS = (
					"$(inherited)",
					"DEBUG=1",
				);
				GCC_WARN_64_TO_32_BIT_CONVERSION = YES;
				GCC_WARN_ABOUT_RETURN_TYPE = YES_ERROR;
				GCC_WARN_UNDECLARED_SELECTOR = YES;
				GCC_WARN_UNINITIALIZED_AUTOS = YES_AGGRESSIVE;
				GCC_WARN_UNUSED_FUNCTION = YES;
				GCC_WARN_UNUSED_VARIABLE = YES;
				GENERATE_INFOPLIST_FILE = YES;
				IPHONEOS_DEPLOYMENT_TARGET = 17.0;
				MACOSX_DEPLOYMENT_TARGET = 14.0;
				MARKETING_VERSION = 1.0;
				MTL_ENABLE_DEBUG_INFO = INCLUDE_SOURCE;
				MTL_FAST_MATH = YES;
				ONLY_ACTIVE_ARCH = YES;
				PRODUCT_NAME = "$(TARGET_NAME)";
				SWIFT_ACTIVE_COMPILATION_CONDITIONS = DEBUG;
				SWIFT_EMIT_LOC_STRINGS = YES;
				SWIFT_OPTIMIZATION_LEVEL = "-Onone";
				SWIFT_VERSION = 5.0;
			};
			name = Debug;
		};
		3C9C1AAF82EA508B34B4F75D /* Release */ = {
			isa = XCBuildConfiguration;
			buildSettings = {
				ASSETCATALOG_COMPILER_APPICON_NAME = AppIcon;
				CODE_SIGN_ENTITLEMENTS = VigilantRemote/VigilantRemote.entitlements;
				CODE_SIGN_IDENTITY = "iPhone Developer";
				INFOPLIST_FILE = VigilantRemote/Info.plist;
				INFOPLIST_KEY_CFBundleDisplayName = Vigilant;
				INFOPLIST_KEY_UIStatusBarStyle = UIStatusBarStyleDefault;
				IPHONEOS_DEPLOYMENT_TARGET = 17.0;
				LD_RUNPATH_SEARCH_PATHS = (
					"$(inherited)",
					"@executable_path/Frameworks",
				);
				PRODUCT_BUNDLE_IDENTIFIER = io.vigilant.co.VigilantRemote;
				PRODUCT_NAME = "Vigilant Remote";
				SDKROOT = iphoneos;
				TARGETED_DEVICE_FAMILY = 1;
			};
			name = Release;
		};
		4E2CE6A0CA32B3C7F1B2EABE /* Debug */ = {
			isa = XCBuildConfiguration;
			buildSettings = {
				ASSETCATALOG_COMPILER_APPICON_NAME = AppIcon;
				CODE_SIGN_ENTITLEMENTS = VigilantRemote/VigilantRemote.entitlements;
				CODE_SIGN_IDENTITY = "iPhone Developer";
				INFOPLIST_FILE = VigilantRemote/Info.plist;
				INFOPLIST_KEY_CFBundleDisplayName = Vigilant;
				INFOPLIST_KEY_UIStatusBarStyle = UIStatusBarStyleDefault;
				IPHONEOS_DEPLOYMENT_TARGET = 17.0;
				LD_RUNPATH_SEARCH_PATHS = (
					"$(inherited)",
					"@executable_path/Frameworks",
				);
				PRODUCT_BUNDLE_IDENTIFIER = io.vigilant.co.VigilantRemote;
				PRODUCT_NAME = "Vigilant Remote";
				SDKROOT = iphoneos;
				TARGETED_DEVICE_FAMILY = 1;
			};
			name = Debug;
		};
		4FD4BCDD674862B061C102DA /* Release */ = {
			isa = XCBuildConfiguration;
			buildSettings = {
				ALWAYS_SEARCH_USER_PATHS = NO;
				CLANG_ANALYZER_NONNULL = YES;
				CLANG_ANALYZER_NUMBER_OBJECT_CONVERSION = YES_AGGRESSIVE;
				CLANG_CXX_LANGUAGE_STANDARD = "gnu++14";
				CLANG_CXX_LIBRARY = "libc++";
				CLANG_ENABLE_MODULES = YES;
				CLANG_ENABLE_OBJC_ARC = YES;
				CLANG_ENABLE_OBJC_WEAK = YES;
				CLANG_WARN_BLOCK_CAPTURE_AUTORELEASING = YES;
				CLANG_WARN_BOOL_CONVERSION = YES;
				CLANG_WARN_COMMA = YES;
				CLANG_WARN_CONSTANT_CONVERSION = YES;
				CLANG_WARN_DEPRECATED_OBJC_IMPLEMENTATIONS = YES;
				CLANG_WARN_DIRECT_OBJC_ISA_USAGE = YES_ERROR;
				CLANG_WARN_DOCUMENTATION_COMMENTS = YES;
				CLANG_WARN_EMPTY_BODY = YES;
				CLANG_WARN_ENUM_CONVERSION = YES;
				CLANG_WARN_INFINITE_RECURSION = YES;
				CLANG_WARN_INT_CONVERSION = YES;
				CLANG_WARN_NON_LITERAL_NULL_CONVERSION = YES;
				CLANG_WARN_OBJC_IMPLICIT_RETAIN_SELF = YES;
				CLANG_WARN_OBJC_LITERAL_CONVERSION = YES;
				CLANG_WARN_OBJC_ROOT_CLASS = YES_ERROR;
				CLANG_WARN_QUOTED_INCLUDE_IN_FRAMEWORK_HEADER = YES;
				CLANG_WARN_RANGE_LOOP_ANALYSIS = YES;
				CLANG_WARN_STRICT_PROTOTYPES = YES;
				CLANG_WARN_SUSPICIOUS_MOVE = YES;
				CLANG_WARN_UNGUARDED_AVAILABILITY = YES_AGGRESSIVE;
				CLANG_WARN_UNREACHABLE_CODE = YES;
				CLANG_WARN__DUPLICATE_METHOD_MATCH = YES;
				CODE_SIGN_STYLE = Automatic;
				COPY_PHASE_STRIP = NO;
				CURRENT_PROJECT_VERSION = 1;
				DEBUG_INFORMATION_FORMAT = "dwarf-with-dsym";
				DEVELOPMENT_TEAM = 7AYMD222NU;
				ENABLE_NS_ASSERTIONS = NO;
				ENABLE_STRICT_OBJC_MSGSEND = YES;
				GCC_C_LANGUAGE_STANDARD = gnu11;
				GCC_NO_COMMON_BLOCKS = YES;
				GCC_WARN_64_TO_32_BIT_CONVERSION = YES;
				GCC_WARN_ABOUT_RETURN_TYPE = YES_ERROR;
				GCC_WARN_UNDECLARED_SELECTOR = YES;
				GCC_WARN_UNINITIALIZED_AUTOS = YES_AGGRESSIVE;
				GCC_WARN_UNUSED_FUNCTION = YES;
				GCC_WARN_UNUSED_VARIABLE = YES;
				GENERATE_INFOPLIST_FILE = YES;
				IPHONEOS_DEPLOYMENT_TARGET = 17.0;
				MACOSX_DEPLOYMENT_TARGET = 14.0;
				MARKETING_VERSION = 1.0;
				MTL_ENABLE_DEBUG_INFO = NO;
				MTL_FAST_MATH = YES;
				PRODUCT_NAME = "$(TARGET_NAME)";
				SWIFT_COMPILATION_MODE = wholemodule;
				SWIFT_EMIT_LOC_STRINGS = YES;
				SWIFT_OPTIMIZATION_LEVEL = "-O";
				SWIFT_VERSION = 5.0;
			};
			name = Release;
		};
		9EEF4BE1BAF6B7B538182CBA /* Release */ = {
			isa = XCBuildConfiguration;
			buildSettings = {
				ASSETCATALOG_COMPILER_APPICON_NAME = AppIcon;
				CODE_SIGN_ENTITLEMENTS = VigilantMac/Vigilant.entitlements;
				COMBINE_HIDPI_IMAGES = YES;
				ENABLE_HARDENED_RUNTIME = YES;
				INFOPLIST_FILE = VigilantMac/Info.plist;
				INFOPLIST_KEY_CFBundleDisplayName = Vigilant;
				LD_RUNPATH_SEARCH_PATHS = (
					"$(inherited)",
					"@executable_path/../Frameworks",
				);
				MACOSX_DEPLOYMENT_TARGET = 14.0;
				PRODUCT_BUNDLE_IDENTIFIER = io.vigilant.co.Vigilant;
				PRODUCT_NAME = Vigilant;
				SDKROOT = macosx;
			};
			name = Release;
		};
		F92B10F00E08636D5DF96E2F /* Debug */ = {
			isa = XCBuildConfiguration;
			buildSettings = {
				ASSETCATALOG_COMPILER_APPICON_NAME = AppIcon;
				CODE_SIGN_ENTITLEMENTS = VigilantMac/Vigilant.entitlements;
				COMBINE_HIDPI_IMAGES = YES;
				ENABLE_HARDENED_RUNTIME = YES;
				INFOPLIST_FILE = VigilantMac/Info.plist;
				INFOPLIST_KEY_CFBundleDisplayName = Vigilant;
				LD_RUNPATH_SEARCH_PATHS = (
					"$(inherited)",
					"@executable_path/../Frameworks",
				);
				MACOSX_DEPLOYMENT_TARGET = 14.0;
				PRODUCT_BUNDLE_IDENTIFIER = io.vigilant.co.Vigilant;
				PRODUCT_NAME = Vigilant;
				SDKROOT = macosx;
			};
			name = Debug;
		};
/* End XCBuildConfiguration section */

/* Begin XCConfigurationList section */
		02CA886B3AD7F12B0EFEE3F6 /* Build configuration list for PBXProject "Vigilant" */ = {
			isa = XCConfigurationList;
			buildConfigurations = (
				2AF337CBD7BD536A4A867D51 /* Debug */,
				4FD4BCDD674862B061C102DA /* Release */,
			);
			defaultConfigurationIsVisible = 0;
			defaultConfigurationName = Debug;
		};
		73EA2A4281665CC0BBA0009B /* Build configuration list for PBXNativeTarget "VigilantRemote" */ = {
			isa = XCConfigurationList;
			buildConfigurations = (
				4E2CE6A0CA32B3C7F1B2EABE /* Debug */,
				3C9C1AAF82EA508B34B4F75D /* Release */,
			);
			defaultConfigurationIsVisible = 0;
			defaultConfigurationName = Debug;
		};
		ACA72A219029CF0328BC91FB /* Build configuration list for PBXNativeTarget "Vigilant" */ = {
			isa = XCConfigurationList;
			buildConfigurations = (
				F92B10F00E08636D5DF96E2F /* Debug */,
				9EEF4BE1BAF6B7B538182CBA /* Release */,
			);
			defaultConfigurationIsVisible = 0;
			defaultConfigurationName = Debug;
		};
/* End XCConfigurationList section */
	};
	rootObject = 47A3CDB6F06D36EE0482BF7B /* Project object */;
}
